
Microsoft Visual Studio Solution File, Format Version 12.00
# Visual Studio Version 17
VisualStudioVersion = 17.8.34525.116
MinimumVisualStudioVersion = 10.0.40219.1
Project("{9A19103F-16F7-4668-BE54-9A1E7A4F7556}") = "ChipUtillo", "ChipUtillo\ChipUtillo.csproj", "{65F7BD48-FAF9-440E-B086-BFFB12722F68}"
EndProject
Project("{9A19103F-16F7-4668-BE54-9A1E7A4F7556}") = "ChipUtiloAsus", "ChipUtiloAsus\ChipUtiloAsus.csproj", "{EDCC2C45-55A7-4CE8-A60A-63D5F55CDC89}"
EndProject
Global
	GlobalSection(SolutionConfigurationPlatforms) = preSolution
		Debug|Any CPU = Debug|Any CPU
		Debug|x64 = Debug|x64
		Release|Any CPU = Release|Any CPU
		Release|x64 = Release|x64
	EndGlobalSection
	GlobalSection(ProjectConfigurationPlatforms) = postSolution
		{65F7BD48-FAF9-440E-B086-BFFB12722F68}.Debug|Any CPU.ActiveCfg = Debug|Any CPU
		{65F7BD48-FAF9-440E-B086-BFFB12722F68}.Debug|Any CPU.Build.0 = Debug|Any CPU
		{65F7BD48-FAF9-440E-B086-BFFB12722F68}.Debug|x64.ActiveCfg = Debug|x64
		{65F7BD48-FAF9-440E-B086-BFFB12722F68}.Debug|x64.Build.0 = Debug|x64
		{65F7BD48-FAF9-440E-B086-BFFB12722F68}.Release|Any CPU.ActiveCfg = Release|Any CPU
		{65F7BD48-FAF9-440E-B086-BFFB12722F68}.Release|Any CPU.Build.0 = Release|Any CPU
		{65F7BD48-FAF9-440E-B086-BFFB12722F68}.Release|x64.ActiveCfg = Release|x64
		{65F7BD48-FAF9-440E-B086-BFFB12722F68}.Release|x64.Build.0 = Release|x64
		{EDCC2C45-55A7-4CE8-A60A-63D5F55CDC89}.Debug|Any CPU.ActiveCfg = Debug|Any CPU
		{EDCC2C45-55A7-4CE8-A60A-63D5F55CDC89}.Debug|Any CPU.Build.0 = Debug|Any CPU
		{EDCC2C45-55A7-4CE8-A60A-63D5F55CDC89}.Debug|x64.ActiveCfg = Debug|x64
		{EDCC2C45-55A7-4CE8-A60A-63D5F55CDC89}.Debug|x64.Build.0 = Debug|x64
		{EDCC2C45-55A7-4CE8-A60A-63D5F55CDC89}.Release|Any CPU.ActiveCfg = Release|Any CPU
		{EDCC2C45-55A7-4CE8-A60A-63D5F55CDC89}.Release|Any CPU.Build.0 = Release|Any CPU
		{EDCC2C45-55A7-4CE8-A60A-63D5F55CDC89}.Release|x64.ActiveCfg = Release|x64
		{EDCC2C45-55A7-4CE8-A60A-63D5F55CDC89}.Release|x64.Build.0 = Release|x64
	EndGlobalSection
	GlobalSection(SolutionProperties) = preSolution
		HideSolutionNode = FALSE
	EndGlobalSection
	GlobalSection(ExtensibilityGlobals) = postSolution
		SolutionGuid = {42655AB7-ADEB-49E4-A212-15AC31004320}
	EndGlobalSection
EndGlobal
